
Microsoft Visual Studio Solution File, Format Version 12.00
# Visual Studio Version 16
VisualStudioVersion = 16.0.28803.202
MinimumVisualStudioVersion = 10.0.40219.1
Project("{FAE04EC0-301F-11D3-BF4B-00C04F79EFBC}") = "ComicBookgallery", "ComicBookgallery\ComicBookgallery.csproj", "{884CF730-B23B-41E4-9CB7-988BA99462C6}"
EndProject
Global
	GlobalSection(SolutionConfigurationPlatforms) = preSolution
		Debug|Any CPU = Debug|Any CPU
		Release|Any CPU = Release|Any CPU
	EndGlobalSection
	GlobalSection(ProjectConfigurationPlatforms) = postSolution
		{884CF730-B23B-41E4-9CB7-988BA99462C6}.Debug|Any CPU.ActiveCfg = Debug|Any CPU
		{884CF730-B23B-41E4-9CB7-988BA99462C6}.Debug|Any CPU.Build.0 = Debug|Any CPU
		{884CF730-B23B-41E4-9CB7-988BA99462C6}.Release|Any CPU.ActiveCfg = Release|Any CPU
		{884CF730-B23B-41E4-9CB7-988BA99462C6}.Release|Any CPU.Build.0 = Release|Any CPU
	EndGlobalSection
	GlobalSection(SolutionProperties) = preSolution
		HideSolutionNode = FALSE
	EndGlobalSection
	GlobalSection(ExtensibilityGlobals) = postSolution
		SolutionGuid = {E8F04057-13AF-458B-824D-C37F20B54DCF}
	EndGlobalSection
EndGlobal
